// !$*UTF8*$!
{
	archiveVersion = 1;
	classes = {
	};
	objectVersion = 46;
	objects = {

/* Begin PBXBuildFile section */
		35D0984D1B5B671100550EB3 /* main.m in Sources */ = {isa = PBXBuildFile; fileRef = 35D0984C1B5B671100550EB3 /* main.m */; };
		35D098501B5B671100550EB3 /* AppDelegate.m in Sources */ = {isa = PBXBuildFile; fileRef = 35D0984F1B5B671100550EB3 /* AppDelegate.m */; };
		35D098531B5B671200550EB3 /* ViewController.m in Sources */ = {isa = PBXBuildFile; fileRef = 35D098521B5B671200550EB3 /* ViewController.m */; };
		35D098581B5B671200550EB3 /* Images.xcassets in Resources */ = {isa = PBXBuildFile; fileRef = 35D098571B5B671200550EB3 /* Images.xcassets */; };
		35D0985B1B5B671200550EB3 /* LaunchScreen.xib in Resources */ = {isa = PBXBuildFile; fileRef = 35D098591B5B671200550EB3 /* LaunchScreen.xib */; };
		35D098671B5B671200550EB3 /* ez_noteTests.m in Sources */ = {isa = PBXBuildFile; fileRef = 35D098661B5B671200550EB3 /* ez_noteTests.m */; };
		B65F9CA91B5D904A00FB53E7 /* EZTextView.m in Sources */ = {isa = PBXBuildFile; fileRef = B65F9CA31B5D904A00FB53E7 /* EZTextView.m */; };
		B65F9CAA1B5D904A00FB53E7 /* TextViewFactory.m in Sources */ = {isa = PBXBuildFile; fileRef = B65F9CA51B5D904A00FB53E7 /* TextViewFactory.m */; };
		B65F9CAB1B5D904A00FB53E7 /* ToolBarView.m in Sources */ = {isa = PBXBuildFile; fileRef = B65F9CA71B5D904A00FB53E7 /* ToolBarView.m */; };
		B65F9CAC1B5D904A00FB53E7 /* ToolBarView.xib in Resources */ = {isa = PBXBuildFile; fileRef = B65F9CA81B5D904A00FB53E7 /* ToolBarView.xib */; };
		B65F9CAE1B5D921B00FB53E7 /* Main.storyboard in Resources */ = {isa = PBXBuildFile; fileRef = B65F9CAD1B5D921B00FB53E7 /* Main.storyboard */; };
/* End PBXBuildFile section */

/* Begin PBXContainerItemProxy section */
		35D098611B5B671200550EB3 /* PBXContainerItemProxy */ = {
			isa = PBXContainerItemProxy;
			containerPortal = 35D0983F1B5B671100550EB3 /* Project object */;
			proxyType = 1;
			remoteGlobalIDString = 35D098461B5B671100550EB3;
			remoteInfo = ez_note;
		};
/* End PBXContainerItemProxy section */

/* Begin PBXFileReference section */
		35D098471B5B671100550EB3 /* ez_note.app */ = {isa = PBXFileReference; explicitFileType = wrapper.application; includeInIndex = 0; path = ez_note.app; sourceTree = BUILT_PRODUCTS_DIR; };
		35D0984B1B5B671100550EB3 /* Info.plist */ = {isa = PBXFileReference; lastKnownFileType = text.plist.xml; path = Info.plist; sourceTree = "<group>"; };
		35D0984C1B5B671100550EB3 /* main.m */ = {isa = PBXFileReference; lastKnownFileType = sourcecode.c.objc; path = main.m; sourceTree = "<group>"; };
		35D0984E1B5B671100550EB3 /* AppDelegate.h */ = {isa = PBXFileReference; lastKnownFileType = sourcecode.c.h; path = AppDelegate.h; sourceTree = "<group>"; };
		35D0984F1B5B671100550EB3 /* AppDelegate.m */ = {isa = PBXFileReference; lastKnownFileType = sourcecode.c.objc; path = AppDelegate.m; sourceTree = "<group>"; };
		35D098511B5B671200550EB3 /* ViewController.h */ = {isa = PBXFileReference; lastKnownFileType = sourcecode.c.h; path = ViewController.h; sourceTree = "<group>"; };
		35D098521B5B671200550EB3 /* ViewController.m */ = {isa = PBXFileReference; lastKnownFileType = sourcecode.c.objc; path = ViewController.m; sourceTree = "<group>"; };
		35D098571B5B671200550EB3 /* Images.xcassets */ = {isa = PBXFileReference; lastKnownFileType = folder.assetcatalog; path = Images.xcassets; sourceTree = "<group>"; };
		35D0985A1B5B671200550EB3 /* Base */ = {isa = PBXFileReference; lastKnownFileType = file.xib; name = Base; path = Base.lproj/LaunchScreen.xib; sourceTree = "<group>"; };
		35D098601B5B671200550EB3 /* ez_noteTests.xctest */ = {isa = PBXFileReference; explicitFileType = wrapper.cfbundle; includeInIndex = 0; path = ez_noteTests.xctest; sourceTree = BUILT_PRODUCTS_DIR; };
		35D098651B5B671200550EB3 /* Info.plist */ = {isa = PBXFileReference; lastKnownFileType = text.plist.xml; path = Info.plist; sourceTree = "<group>"; };
		35D098661B5B671200550EB3 /* ez_noteTests.m */ = {isa = PBXFileReference; lastKnownFileType = sourcecode.c.objc; path = ez_noteTests.m; sourceTree = "<group>"; };
		B65F9CA21B5D904A00FB53E7 /* EZTextView.h */ = {isa = PBXFileReference; fileEncoding = 4; lastKnownFileType = sourcecode.c.h; path = EZTextView.h; sourceTree = "<group>"; };
		B65F9CA31B5D904A00FB53E7 /* EZTextView.m */ = {isa = PBXFileReference; fileEncoding = 4; lastKnownFileType = sourcecode.c.objc; path = EZTextView.m; sourceTree = "<group>"; };
		B65F9CA41B5D904A00FB53E7 /* TextViewFactory.h */ = {isa = PBXFileReference; fileEncoding = 4; lastKnownFileType = sourcecode.c.h; path = TextViewFactory.h; sourceTree = "<group>"; };
		B65F9CA51B5D904A00FB53E7 /* TextViewFactory.m */ = {isa = PBXFileReference; fileEncoding = 4; lastKnownFileType = sourcecode.c.objc; path = TextViewFactory.m; sourceTree = "<group>"; };
		B65F9CA61B5D904A00FB53E7 /* ToolBarView.h */ = {isa = PBXFileReference; fileEncoding = 4; lastKnownFileType = sourcecode.c.h; path = ToolBarView.h; sourceTree = "<group>"; };
		B65F9CA71B5D904A00FB53E7 /* ToolBarView.m */ = {isa = PBXFileReference; fileEncoding = 4; lastKnownFileType = sourcecode.c.objc; path = ToolBarView.m; sourceTree = "<group>"; };
		B65F9CA81B5D904A00FB53E7 /* ToolBarView.xib */ = {isa = PBXFileReference; fileEncoding = 4; lastKnownFileType = file.xib; path = ToolBarView.xib; sourceTree = "<group>"; };
		B65F9CAD1B5D921B00FB53E7 /* Main.storyboard */ = {isa = PBXFileReference; fileEncoding = 4; lastKnownFileType = file.storyboard; path = Main.storyboard; sourceTree = "<group>"; };
/* End PBXFileReference section */

/* Begin PBXFrameworksBuildPhase section */
		35D098441B5B671100550EB3 /* Frameworks */ = {
			isa = PBXFrameworksBuildPhase;
			buildActionMask = 2147483647;
			files = (
			);
			runOnlyForDeploymentPostprocessing = 0;
		};
		35D0985D1B5B671200550EB3 /* Frameworks */ = {
			isa = PBXFrameworksBuildPhase;
			buildActionMask = 2147483647;
			files = (
			);
			runOnlyForDeploymentPostprocessing = 0;
		};
/* End PBXFrameworksBuildPhase section */

/* Begin PBXGroup section */
		35D0983E1B5B671100550EB3 = {
			isa = PBXGroup;
			children = (
				35D098491B5B671100550EB3 /* ez_note */,
				35D098631B5B671200550EB3 /* ez_noteTests */,
				35D098481B5B671100550EB3 /* Products */,
			);
			sourceTree = "<group>";
		};
		35D098481B5B671100550EB3 /* Products */ = {
			isa = PBXGroup;
			children = (
				35D098471B5B671100550EB3 /* ez_note.app */,
				35D098601B5B671200550EB3 /* ez_noteTests.xctest */,
			);
			name = Products;
			sourceTree = "<group>";
		};
		35D098491B5B671100550EB3 /* ez_note */ = {
			isa = PBXGroup;
			children = (
				B65F9CAD1B5D921B00FB53E7 /* Main.storyboard */,
				B65F9CA21B5D904A00FB53E7 /* EZTextView.h */,
				B65F9CA31B5D904A00FB53E7 /* EZTextView.m */,
				B65F9CA41B5D904A00FB53E7 /* TextViewFactory.h */,
				B65F9CA51B5D904A00FB53E7 /* TextViewFactory.m */,
				B65F9CA61B5D904A00FB53E7 /* ToolBarView.h */,
				B65F9CA71B5D904A00FB53E7 /* ToolBarView.m */,
				B65F9CA81B5D904A00FB53E7 /* ToolBarView.xib */,
				35D0984E1B5B671100550EB3 /* AppDelegate.h */,
				35D0984F1B5B671100550EB3 /* AppDelegate.m */,
				35D098511B5B671200550EB3 /* ViewController.h */,
				35D098521B5B671200550EB3 /* ViewController.m */,
				35D098571B5B671200550EB3 /* Images.xcassets */,
				35D098591B5B671200550EB3 /* LaunchScreen.xib */,
				35D0984A1B5B671100550EB3 /* Supporting Files */,
			);
			path = ez_note;
			sourceTree = "<group>";
		};
		35D0984A1B5B671100550EB3 /* Supporting Files */ = {
			isa = PBXGroup;
			children = (
				35D0984B1B5B671100550EB3 /* Info.plist */,
				35D0984C1B5B671100550EB3 /* main.m */,
			);
			name = "Supporting Files";
			sourceTree = "<group>";
		};
		35D098631B5B671200550EB3 /* ez_noteTests */ = {
			isa = PBXGroup;
			children = (
				35D098661B5B671200550EB3 /* ez_noteTests.m */,
				35D098641B5B671200550EB3 /* Supporting Files */,
			);
			path = ez_noteTests;
			sourceTree = "<group>";
		};
		35D098641B5B671200550EB3 /* Supporting Files */ = {
			isa = PBXGroup;
			children = (
				35D098651B5B671200550EB3 /* Info.plist */,
			);
			name = "Supporting Files";
			sourceTree = "<group>";
		};
/* End PBXGroup section */

/* Begin PBXNativeTarget section */
		35D098461B5B671100550EB3 /* ez_note */ = {
			isa = PBXNativeTarget;
			buildConfigurationList = 35D0986A1B5B671200550EB3 /* Build configuration list for PBXNativeTarget "ez_note" */;
			buildPhases = (
				35D098431B5B671100550EB3 /* Sources */,
				35D098441B5B671100550EB3 /* Frameworks */,
				35D098451B5B671100550EB3 /* Resources */,
			);
			buildRules = (
			);
			dependencies = (
			);
			name = ez_note;
			productName = ez_note;
			productReference = 35D098471B5B671100550EB3 /* ez_note.app */;
			productType = "com.apple.product-type.application";
		};
		35D0985F1B5B671200550EB3 /* ez_noteTests */ = {
			isa = PBXNativeTarget;
			buildConfigurationList = 35D0986D1B5B671200550EB3 /* Build configuration list for PBXNativeTarget "ez_noteTests" */;
			buildPhases = (
				35D0985C1B5B671200550EB3 /* Sources */,
				35D0985D1B5B671200550EB3 /* Frameworks */,
				35D0985E1B5B671200550EB3 /* Resources */,
			);
			buildRules = (
			);
			dependencies = (
				35D098621B5B671200550EB3 /* PBXTargetDependency */,
			);
			name = ez_noteTests;
			productName = ez_noteTests;
			productReference = 35D098601B5B671200550EB3 /* ez_noteTests.xctest */;
			productType = "com.apple.product-type.bundle.unit-test";
		};
/* End PBXNativeTarget section */

/* Begin PBXProject section */
		35D0983F1B5B671100550EB3 /* Project object */ = {
			isa = PBXProject;
			attributes = {
				LastUpgradeCheck = 0640;
				ORGANIZATIONNAME = "Yiheng Ding";
				TargetAttributes = {
					35D098461B5B671100550EB3 = {
						CreatedOnToolsVersion = 6.4;
					};
					35D0985F1B5B671200550EB3 = {
						CreatedOnToolsVersion = 6.4;
						TestTargetID = 35D098461B5B671100550EB3;
					};
				};
			};
			buildConfigurationList = 35D098421B5B671100550EB3 /* Build configuration list for PBXProject "ez_note" */;
			compatibilityVersion = "Xcode 3.2";
			developmentRegion = English;
			hasScannedForEncodings = 0;
			knownRegions = (
				en,
				Base,
			);
			mainGroup = 35D0983E1B5B671100550EB3;
			productRefGroup = 35D098481B5B671100550EB3 /* Products */;
			projectDirPath = "";
			projectRoot = "";
			targets = (
				35D098461B5B671100550EB3 /* ez_note */,
				35D0985F1B5B671200550EB3 /* ez_noteTests */,
			);
		};
/* End PBXProject section */

/* Begin PBXResourcesBuildPhase section */
		35D098451B5B671100550EB3 /* Resources */ = {
			isa = PBXResourcesBuildPhase;
			buildActionMask = 2147483647;
			files = (
				35D0985B1B5B671200550EB3 /* LaunchScreen.xib in Resources */,
				35D098581B5B671200550EB3 /* Images.xcassets in Resources */,
				B65F9CAE1B5D921B00FB53E7 /* Main.storyboard in Resources */,
			);
			runOnlyForDeploymentPostprocessing = 0;
		};
		35D0985E1B5B671200550EB3 /* Resources */ = {
			isa = PBXResourcesBuildPhase;
			buildActionMask = 2147483647;
			files = (
			);
			runOnlyForDeploymentPostprocessing = 0;
		};
/* End PBXResourcesBuildPhase section */

/* Begin PBXSourcesBuildPhase section */
		35D098431B5B671100550EB3 /* Sources */ = {
			isa = PBXSourcesBuildPhase;
			buildActionMask = 2147483647;
			files = (
				35D098531B5B671200550EB3 /* ViewController.m in Sources */,
				35FEF8D21B5D89AE00A96076 /* AudioView.m in Sources */,
				35FEF8DA1B5D916300A96076 /* ToolBarView.m in Sources */,
				35D098501B5B671100550EB3 /* AppDelegate.m in Sources */,
				35D0984D1B5B671100550EB3 /* main.m in Sources */,
				35FEF8D91B5D916300A96076 /* TextViewFactory.m in Sources */,
				35FEF8DE1B5D917A00A96076 /* EZTextView.m in Sources */,
				35FEF8D11B5D89AE00A96076 /* AudioFactory.m in Sources */,
			);
			runOnlyForDeploymentPostprocessing = 0;
		};
		35D0985C1B5B671200550EB3 /* Sources */ = {
			isa = PBXSourcesBuildPhase;
			buildActionMask = 2147483647;
			files = (
				35D098671B5B671200550EB3 /* ez_noteTests.m in Sources */,
			);
			runOnlyForDeploymentPostprocessing = 0;
		};
/* End PBXSourcesBuildPhase section */

/* Begin PBXTargetDependency section */
		35D098621B5B671200550EB3 /* PBXTargetDependency */ = {
			isa = PBXTargetDependency;
			target = 35D098461B5B671100550EB3 /* ez_note */;
			targetProxy = 35D098611B5B671200550EB3 /* PBXContainerItemProxy */;
		};
/* End PBXTargetDependency section */

/* Begin PBXVariantGroup section */
		35D098591B5B671200550EB3 /* LaunchScreen.xib */ = {
			isa = PBXVariantGroup;
			children = (
				35D0985A1B5B671200550EB3 /* Base */,
			);
			name = LaunchScreen.xib;
			sourceTree = "<group>";
		};
/* End PBXVariantGroup section */

/* Begin XCBuildConfiguration section */
		35D098681B5B671200550EB3 /* Debug */ = {
			isa = XCBuildConfiguration;
			buildSettings = {
				ALWAYS_SEARCH_USER_PATHS = NO;
				CLANG_CXX_LANGUAGE_STANDARD = "gnu++0x";
				CLANG_CXX_LIBRARY = "libc++";
				CLANG_ENABLE_MODULES = YES;
				CLANG_ENABLE_OBJC_ARC = YES;
				CLANG_WARN_BOOL_CONVERSION = YES;
				CLANG_WARN_CONSTANT_CONVERSION = YES;
				CLANG_WARN_DIRECT_OBJC_ISA_USAGE = YES_ERROR;
				CLANG_WARN_EMPTY_BODY = YES;
				CLANG_WARN_ENUM_CONVERSION = YES;
				CLANG_WARN_INT_CONVERSION = YES;
				CLANG_WARN_OBJC_ROOT_CLASS = YES_ERROR;
				CLANG_WARN_UNREACHABLE_CODE = YES;
				CLANG_WARN__DUPLICATE_METHOD_MATCH = YES;
				"CODE_SIGN_IDENTITY[sdk=iphoneos*]" = "iPhone Developer";
				COPY_PHASE_STRIP = NO;
				DEBUG_INFORMATION_FORMAT = "dwarf-with-dsym";
				ENABLE_STRICT_OBJC_MSGSEND = YES;
				GCC_C_LANGUAGE_STANDARD = gnu99;
				GCC_DYNAMIC_NO_PIC = NO;
				GCC_NO_COMMON_BLOCKS = YES;
				GCC_OPTIMIZATION_LEVEL = 0;
				GCC_PREPROCESSOR_DEFINITIONS = (
					"DEBUG=1",
					"$(inherited)",
				);
				GCC_SYMBOLS_PRIVATE_EXTERN = NO;
				GCC_WARN_64_TO_32_BIT_CONVERSION = YES;
				GCC_WARN_ABOUT_RETURN_TYPE = YES_ERROR;
				GCC_WARN_UNDECLARED_SELECTOR = YES;
				GCC_WARN_UNINITIALIZED_AUTOS = YES_AGGRESSIVE;
				GCC_WARN_UNUSED_FUNCTION = YES;
				GCC_WARN_UNUSED_VARIABLE = YES;
				IPHONEOS_DEPLOYMENT_TARGET = 8.4;
				MTL_ENABLE_DEBUG_INFO = YES;
				ONLY_ACTIVE_ARCH = YES;
				SDKROOT = iphoneos;
				TARGETED_DEVICE_FAMILY = "1,2";
			};
			name = Debug;
		};
		35D098691B5B671200550EB3 /* Release */ = {
			isa = XCBuildConfiguration;
			buildSettings = {
				ALWAYS_SEARCH_USER_PATHS = NO;
				CLANG_CXX_LANGUAGE_STANDARD = "gnu++0x";
				CLANG_CXX_LIBRARY = "libc++";
				CLANG_ENABLE_MODULES = YES;
				CLANG_ENABLE_OBJC_ARC = YES;
				CLANG_WARN_BOOL_CONVERSION = YES;
				CLANG_WARN_CONSTANT_CONVERSION = YES;
				CLANG_WARN_DIRECT_OBJC_ISA_USAGE = YES_ERROR;
				CLANG_WARN_EMPTY_BODY = YES;
				CLANG_WARN_ENUM_CONVERSION = YES;
				CLANG_WARN_INT_CONVERSION = YES;
				CLANG_WARN_OBJC_ROOT_CLASS = YES_ERROR;
				CLANG_WARN_UNREACHABLE_CODE = YES;
				CLANG_WARN__DUPLICATE_METHOD_MATCH = YES;
				"CODE_SIGN_IDENTITY[sdk=iphoneos*]" = "iPhone Developer";
				COPY_PHASE_STRIP = NO;
				DEBUG_INFORMATION_FORMAT = "dwarf-with-dsym";
				ENABLE_NS_ASSERTIONS = NO;
				ENABLE_STRICT_OBJC_MSGSEND = YES;
				GCC_C_LANGUAGE_STANDARD = gnu99;
				GCC_NO_COMMON_BLOCKS = YES;
				GCC_WARN_64_TO_32_BIT_CONVERSION = YES;
				GCC_WARN_ABOUT_RETURN_TYPE = YES_ERROR;
				GCC_WARN_UNDECLARED_SELECTOR = YES;
				GCC_WARN_UNINITIALIZED_AUTOS = YES_AGGRESSIVE;
				GCC_WARN_UNUSED_FUNCTION = YES;
				GCC_WARN_UNUSED_VARIABLE = YES;
				IPHONEOS_DEPLOYMENT_TARGET = 8.4;
				MTL_ENABLE_DEBUG_INFO = NO;
				SDKROOT = iphoneos;
				TARGETED_DEVICE_FAMILY = "1,2";
				VALIDATE_PRODUCT = YES;
			};
			name = Release;
		};
		35D0986B1B5B671200550EB3 /* Debug */ = {
			isa = XCBuildConfiguration;
			buildSettings = {
				ASSETCATALOG_COMPILER_APPICON_NAME = AppIcon;
				INFOPLIST_FILE = ez_note/Info.plist;
				LD_RUNPATH_SEARCH_PATHS = "$(inherited) @executable_path/Frameworks";
				PRODUCT_NAME = "$(TARGET_NAME)";
			};
			name = Debug;
		};
		35D0986C1B5B671200550EB3 /* Release */ = {
			isa = XCBuildConfiguration;
			buildSettings = {
				ASSETCATALOG_COMPILER_APPICON_NAME = AppIcon;
				INFOPLIST_FILE = ez_note/Info.plist;
				LD_RUNPATH_SEARCH_PATHS = "$(inherited) @executable_path/Frameworks";
				PRODUCT_NAME = "$(TARGET_NAME)";
			};
			name = Release;
		};
		35D0986E1B5B671200550EB3 /* Debug */ = {
			isa = XCBuildConfiguration;
			buildSettings = {
				BUNDLE_LOADER = "$(TEST_HOST)";
				FRAMEWORK_SEARCH_PATHS = (
					"$(SDKROOT)/Developer/Library/Frameworks",
					"$(inherited)",
				);
				GCC_PREPROCESSOR_DEFINITIONS = (
					"DEBUG=1",
					"$(inherited)",
				);
				INFOPLIST_FILE = ez_noteTests/Info.plist;
				LD_RUNPATH_SEARCH_PATHS = "$(inherited) @executable_path/Frameworks @loader_path/Frameworks";
				PRODUCT_NAME = "$(TARGET_NAME)";
				TEST_HOST = "$(BUILT_PRODUCTS_DIR)/ez_note.app/ez_note";
			};
			name = Debug;
		};
		35D0986F1B5B671200550EB3 /* Release */ = {
			isa = XCBuildConfiguration;
			buildSettings = {
				BUNDLE_LOADER = "$(TEST_HOST)";
				FRAMEWORK_SEARCH_PATHS = (
					"$(SDKROOT)/Developer/Library/Frameworks",
					"$(inherited)",
				);
				INFOPLIST_FILE = ez_noteTests/Info.plist;
				LD_RUNPATH_SEARCH_PATHS = "$(inherited) @executable_path/Frameworks @loader_path/Frameworks";
				PRODUCT_NAME = "$(TARGET_NAME)";
				TEST_HOST = "$(BUILT_PRODUCTS_DIR)/ez_note.app/ez_note";
			};
			name = Release;
		};
/* End XCBuildConfiguration section */

/* Begin XCConfigurationList section */
		35D098421B5B671100550EB3 /* Build configuration list for PBXProject "ez_note" */ = {
			isa = XCConfigurationList;
			buildConfigurations = (
				35D098681B5B671200550EB3 /* Debug */,
				35D098691B5B671200550EB3 /* Release */,
			);
			defaultConfigurationIsVisible = 0;
			defaultConfigurationName = Release;
		};
		35D0986A1B5B671200550EB3 /* Build configuration list for PBXNativeTarget "ez_note" */ = {
			isa = XCConfigurationList;
			buildConfigurations = (
				35D0986B1B5B671200550EB3 /* Debug */,
				35D0986C1B5B671200550EB3 /* Release */,
			);
			defaultConfigurationIsVisible = 0;
			defaultConfigurationName = Release;
		};
		35D0986D1B5B671200550EB3 /* Build configuration list for PBXNativeTarget "ez_noteTests" */ = {
			isa = XCConfigurationList;
			buildConfigurations = (
				35D0986E1B5B671200550EB3 /* Debug */,
				35D0986F1B5B671200550EB3 /* Release */,
			);
			defaultConfigurationIsVisible = 0;
			defaultConfigurationName = Release;
		};
/* End XCConfigurationList section */
	};
	rootObject = 35D0983F1B5B671100550EB3 /* Project object */;
}
