// !$*UTF8*$!
{
	archiveVersion = 1;
	classes = {
	};
	objectVersion = 46;
	objects = {

/* Begin PBXBuildFile section */
		35D0984D1B5B671100550EB3 /* main.m in Sources */ = {isa = PBXBuildFile; fileRef = 35D0984C1B5B671100550EB3 /* main.m */; };
		35D098501B5B671100550EB3 /* AppDelegate.m in Sources */ = {isa = PBXBuildFile; fileRef = 35D0984F1B5B671100550EB3 /* AppDelegate.m */; };
		35D098531B5B671200550EB3 /* ViewController.m in Sources */ = {isa = PBXBuildFile; fileRef = 35D098521B5B671200550EB3 /* ViewController.m */; };
		35D098581B5B671200550EB3 /* Images.xcassets in Resources */ = {isa = PBXBuildFile; fileRef = 35D098571B5B671200550EB3 /* Images.xcassets */; };
		35D0985B1B5B671200550EB3 /* LaunchScreen.xib in Resources */ = {isa = PBXBuildFile; fileRef = 35D098591B5B671200550EB3 /* LaunchScreen.xib */; };
		35D098671B5B671200550EB3 /* ez_noteTests.m in Sources */ = {isa = PBXBuildFile; fileRef = 35D098661B5B671200550EB3 /* ez_noteTests.m */; };
		35DD10041B603C60007AFE47 /* EZView.m in Sources */ = {isa = PBXBuildFile; fileRef = 35DD10031B603C60007AFE47 /* EZView.m */; };
		35FEF8D11B5D89AE00A96076 /* AudioFactory.m in Sources */ = {isa = PBXBuildFile; fileRef = 35FEF8CD1B5D89AE00A96076 /* AudioFactory.m */; };
		35FEF8D21B5D89AE00A96076 /* AudioView.m in Sources */ = {isa = PBXBuildFile; fileRef = 35FEF8CF1B5D89AE00A96076 /* AudioView.m */; };
		35FEF8D31B5D89AE00A96076 /* AudioView.xib in Resources */ = {isa = PBXBuildFile; fileRef = 35FEF8D01B5D89AE00A96076 /* AudioView.xib */; };
		35FEF8D91B5D916300A96076 /* TextViewFactory.m in Sources */ = {isa = PBXBuildFile; fileRef = 35FEF8D51B5D916300A96076 /* TextViewFactory.m */; };
		35FEF8DA1B5D916300A96076 /* ToolBarView.m in Sources */ = {isa = PBXBuildFile; fileRef = 35FEF8D71B5D916300A96076 /* ToolBarView.m */; };
		35FEF8DB1B5D916300A96076 /* ToolBarView.xib in Resources */ = {isa = PBXBuildFile; fileRef = 35FEF8D81B5D916300A96076 /* ToolBarView.xib */; };
		35FEF8DE1B5D917A00A96076 /* EZTextView.m in Sources */ = {isa = PBXBuildFile; fileRef = 35FEF8DD1B5D917A00A96076 /* EZTextView.m */; };
		683E407A1B5D959A00CCDAF3 /* EZImageScrollViewController.m in Sources */ = {isa = PBXBuildFile; fileRef = 683E40721B5D959A00CCDAF3 /* EZImageScrollViewController.m */; };
		683E407B1B5D959A00CCDAF3 /* EZImageView.m in Sources */ = {isa = PBXBuildFile; fileRef = 683E40741B5D959A00CCDAF3 /* EZImageView.m */; };
		683E407C1B5D959A00CCDAF3 /* EZImageViewFactory.m in Sources */ = {isa = PBXBuildFile; fileRef = 683E40761B5D959A00CCDAF3 /* EZImageViewFactory.m */; };
		683E407D1B5D959A00CCDAF3 /* EZOptions.m in Sources */ = {isa = PBXBuildFile; fileRef = 683E40781B5D959A00CCDAF3 /* EZOptions.m */; };
		6886FB471B608404000C42CD /* EZImageView.xib in Resources */ = {isa = PBXBuildFile; fileRef = 6886FB461B608404000C42CD /* EZImageView.xib */; };
		B656AF0D1B5DB5E4007538B8 /* KeyBindings.plist in Resources */ = {isa = PBXBuildFile; fileRef = B656AF0C1B5DB5E4007538B8 /* KeyBindings.plist */; };
		B656AF121B5DB700007538B8 /* KeyBindingsViewController.m in Sources */ = {isa = PBXBuildFile; fileRef = B656AF0F1B5DB700007538B8 /* KeyBindingsViewController.m */; };
		B656AF131B5DB700007538B8 /* KeyBindingTextField.m in Sources */ = {isa = PBXBuildFile; fileRef = B656AF111B5DB700007538B8 /* KeyBindingTextField.m */; };
		B65E3DCD1B644FC40048CE03 /* NoteInfoView.m in Sources */ = {isa = PBXBuildFile; fileRef = B65E3DCC1B644FC40048CE03 /* NoteInfoView.m */; };
		B65E3DCF1B644FDE0048CE03 /* NoteInfoView.xib in Resources */ = {isa = PBXBuildFile; fileRef = B65E3DCE1B644FDE0048CE03 /* NoteInfoView.xib */; };
		B65EDF9D1B60B0670043C99D /* EZTextView.xib in Resources */ = {isa = PBXBuildFile; fileRef = B65EDF9C1B60B0670043C99D /* EZTextView.xib */; };
		B65EDFA01B60CD1A0043C99D /* Note.xcdatamodeld in Sources */ = {isa = PBXBuildFile; fileRef = B65EDF9E1B60CD1A0043C99D /* Note.xcdatamodeld */; };
		B65F9CB01B5D928D00FB53E7 /* Main.storyboard in Resources */ = {isa = PBXBuildFile; fileRef = B65F9CAF1B5D928D00FB53E7 /* Main.storyboard */; };
		B6977FC81B672B7100ECE035 /* Tag.m in Sources */ = {isa = PBXBuildFile; fileRef = B6977FC71B672B7100ECE035 /* Tag.m */; };
		B6977FCB1B672B7100ECE035 /* Note.m in Sources */ = {isa = PBXBuildFile; fileRef = B6977FCA1B672B7100ECE035 /* Note.m */; };
		B6977FCE1B672B7200ECE035 /* Notebook.m in Sources */ = {isa = PBXBuildFile; fileRef = B6977FCD1B672B7200ECE035 /* Notebook.m */; };
		B6977FD11B672BAF00ECE035 /* Note_content.m in Sources */ = {isa = PBXBuildFile; fileRef = B6977FD01B672BAF00ECE035 /* Note_content.m */; };
		B6977FD41B67749A00ECE035 /* MainSettingViewController.m in Sources */ = {isa = PBXBuildFile; fileRef = B6977FD31B67749A00ECE035 /* MainSettingViewController.m */; };
		B6E73D3E1B618D670089968E /* NoteTableViewController.m in Sources */ = {isa = PBXBuildFile; fileRef = B6E73D3D1B618D670089968E /* NoteTableViewController.m */; };
/* End PBXBuildFile section */

/* Begin PBXContainerItemProxy section */
		35D098611B5B671200550EB3 /* PBXContainerItemProxy */ = {
			isa = PBXContainerItemProxy;
			containerPortal = 35D0983F1B5B671100550EB3 /* Project object */;
			proxyType = 1;
			remoteGlobalIDString = 35D098461B5B671100550EB3;
			remoteInfo = ez_note;
		};
/* End PBXContainerItemProxy section */

/* Begin PBXFileReference section */
		35D098471B5B671100550EB3 /* ez_note.app */ = {isa = PBXFileReference; explicitFileType = wrapper.application; includeInIndex = 0; path = ez_note.app; sourceTree = BUILT_PRODUCTS_DIR; };
		35D0984B1B5B671100550EB3 /* Info.plist */ = {isa = PBXFileReference; lastKnownFileType = text.plist.xml; path = Info.plist; sourceTree = "<group>"; };
		35D0984C1B5B671100550EB3 /* main.m */ = {isa = PBXFileReference; lastKnownFileType = sourcecode.c.objc; path = main.m; sourceTree = "<group>"; };
		35D0984E1B5B671100550EB3 /* AppDelegate.h */ = {isa = PBXFileReference; lastKnownFileType = sourcecode.c.h; path = AppDelegate.h; sourceTree = "<group>"; };
		35D0984F1B5B671100550EB3 /* AppDelegate.m */ = {isa = PBXFileReference; lastKnownFileType = sourcecode.c.objc; path = AppDelegate.m; sourceTree = "<group>"; };
		35D098511B5B671200550EB3 /* ViewController.h */ = {isa = PBXFileReference; lastKnownFileType = sourcecode.c.h; path = ViewController.h; sourceTree = "<group>"; };
		35D098521B5B671200550EB3 /* ViewController.m */ = {isa = PBXFileReference; lastKnownFileType = sourcecode.c.objc; path = ViewController.m; sourceTree = "<group>"; };
		35D098571B5B671200550EB3 /* Images.xcassets */ = {isa = PBXFileReference; lastKnownFileType = folder.assetcatalog; path = Images.xcassets; sourceTree = "<group>"; };
		35D0985A1B5B671200550EB3 /* Base */ = {isa = PBXFileReference; lastKnownFileType = file.xib; name = Base; path = Base.lproj/LaunchScreen.xib; sourceTree = "<group>"; };
		35D098601B5B671200550EB3 /* ez_noteTests.xctest */ = {isa = PBXFileReference; explicitFileType = wrapper.cfbundle; includeInIndex = 0; path = ez_noteTests.xctest; sourceTree = BUILT_PRODUCTS_DIR; };
		35D098651B5B671200550EB3 /* Info.plist */ = {isa = PBXFileReference; lastKnownFileType = text.plist.xml; path = Info.plist; sourceTree = "<group>"; };
		35D098661B5B671200550EB3 /* ez_noteTests.m */ = {isa = PBXFileReference; lastKnownFileType = sourcecode.c.objc; path = ez_noteTests.m; sourceTree = "<group>"; };
		35DD10011B603C60007AFE47 /* EZNoteProtocol.h */ = {isa = PBXFileReference; fileEncoding = 4; lastKnownFileType = sourcecode.c.h; path = EZNoteProtocol.h; sourceTree = "<group>"; };
		35DD10021B603C60007AFE47 /* EZView.h */ = {isa = PBXFileReference; fileEncoding = 4; lastKnownFileType = sourcecode.c.h; path = EZView.h; sourceTree = "<group>"; };
		35DD10031B603C60007AFE47 /* EZView.m */ = {isa = PBXFileReference; fileEncoding = 4; lastKnownFileType = sourcecode.c.objc; path = EZView.m; sourceTree = "<group>"; };
		35FEF8CC1B5D89AE00A96076 /* AudioFactory.h */ = {isa = PBXFileReference; fileEncoding = 4; lastKnownFileType = sourcecode.c.h; path = AudioFactory.h; sourceTree = "<group>"; };
		35FEF8CD1B5D89AE00A96076 /* AudioFactory.m */ = {isa = PBXFileReference; fileEncoding = 4; lastKnownFileType = sourcecode.c.objc; path = AudioFactory.m; sourceTree = "<group>"; };
		35FEF8CE1B5D89AE00A96076 /* AudioView.h */ = {isa = PBXFileReference; fileEncoding = 4; lastKnownFileType = sourcecode.c.h; path = AudioView.h; sourceTree = "<group>"; };
		35FEF8CF1B5D89AE00A96076 /* AudioView.m */ = {isa = PBXFileReference; fileEncoding = 4; lastKnownFileType = sourcecode.c.objc; path = AudioView.m; sourceTree = "<group>"; };
		35FEF8D01B5D89AE00A96076 /* AudioView.xib */ = {isa = PBXFileReference; fileEncoding = 4; lastKnownFileType = file.xib; path = AudioView.xib; sourceTree = "<group>"; };
		35FEF8D41B5D916300A96076 /* TextViewFactory.h */ = {isa = PBXFileReference; fileEncoding = 4; lastKnownFileType = sourcecode.c.h; path = TextViewFactory.h; sourceTree = "<group>"; };
		35FEF8D51B5D916300A96076 /* TextViewFactory.m */ = {isa = PBXFileReference; fileEncoding = 4; lastKnownFileType = sourcecode.c.objc; path = TextViewFactory.m; sourceTree = "<group>"; };
		35FEF8D61B5D916300A96076 /* ToolBarView.h */ = {isa = PBXFileReference; fileEncoding = 4; lastKnownFileType = sourcecode.c.h; path = ToolBarView.h; sourceTree = "<group>"; };
		35FEF8D71B5D916300A96076 /* ToolBarView.m */ = {isa = PBXFileReference; fileEncoding = 4; lastKnownFileType = sourcecode.c.objc; path = ToolBarView.m; sourceTree = "<group>"; };
		35FEF8D81B5D916300A96076 /* ToolBarView.xib */ = {isa = PBXFileReference; fileEncoding = 4; lastKnownFileType = file.xib; path = ToolBarView.xib; sourceTree = "<group>"; };
		35FEF8DC1B5D917A00A96076 /* EZTextView.h */ = {isa = PBXFileReference; fileEncoding = 4; lastKnownFileType = sourcecode.c.h; path = EZTextView.h; sourceTree = "<group>"; };
		35FEF8DD1B5D917A00A96076 /* EZTextView.m */ = {isa = PBXFileReference; fileEncoding = 4; lastKnownFileType = sourcecode.c.objc; path = EZTextView.m; sourceTree = "<group>"; };
		683E40711B5D959A00CCDAF3 /* EZImageScrollViewController.h */ = {isa = PBXFileReference; fileEncoding = 4; lastKnownFileType = sourcecode.c.h; path = EZImageScrollViewController.h; sourceTree = "<group>"; };
		683E40721B5D959A00CCDAF3 /* EZImageScrollViewController.m */ = {isa = PBXFileReference; fileEncoding = 4; lastKnownFileType = sourcecode.c.objc; path = EZImageScrollViewController.m; sourceTree = "<group>"; };
		683E40731B5D959A00CCDAF3 /* EZImageView.h */ = {isa = PBXFileReference; fileEncoding = 4; lastKnownFileType = sourcecode.c.h; path = EZImageView.h; sourceTree = "<group>"; };
		683E40741B5D959A00CCDAF3 /* EZImageView.m */ = {isa = PBXFileReference; fileEncoding = 4; lastKnownFileType = sourcecode.c.objc; path = EZImageView.m; sourceTree = "<group>"; };
		683E40751B5D959A00CCDAF3 /* EZImageViewFactory.h */ = {isa = PBXFileReference; fileEncoding = 4; lastKnownFileType = sourcecode.c.h; path = EZImageViewFactory.h; sourceTree = "<group>"; };
		683E40761B5D959A00CCDAF3 /* EZImageViewFactory.m */ = {isa = PBXFileReference; fileEncoding = 4; lastKnownFileType = sourcecode.c.objc; path = EZImageViewFactory.m; sourceTree = "<group>"; };
		683E40771B5D959A00CCDAF3 /* EZOptions.h */ = {isa = PBXFileReference; fileEncoding = 4; lastKnownFileType = sourcecode.c.h; path = EZOptions.h; sourceTree = "<group>"; };
		683E40781B5D959A00CCDAF3 /* EZOptions.m */ = {isa = PBXFileReference; fileEncoding = 4; lastKnownFileType = sourcecode.c.objc; path = EZOptions.m; sourceTree = "<group>"; };
		683E40791B5D959A00CCDAF3 /* utilities.h */ = {isa = PBXFileReference; fileEncoding = 4; lastKnownFileType = sourcecode.c.h; path = utilities.h; sourceTree = "<group>"; };
		6886FB461B608404000C42CD /* EZImageView.xib */ = {isa = PBXFileReference; fileEncoding = 4; lastKnownFileType = file.xib; path = EZImageView.xib; sourceTree = "<group>"; };
		B656AF0C1B5DB5E4007538B8 /* KeyBindings.plist */ = {isa = PBXFileReference; fileEncoding = 4; lastKnownFileType = text.plist.xml; path = KeyBindings.plist; sourceTree = "<group>"; };
		B656AF0E1B5DB700007538B8 /* KeyBindingsViewController.h */ = {isa = PBXFileReference; fileEncoding = 4; lastKnownFileType = sourcecode.c.h; path = KeyBindingsViewController.h; sourceTree = "<group>"; };
		B656AF0F1B5DB700007538B8 /* KeyBindingsViewController.m */ = {isa = PBXFileReference; fileEncoding = 4; lastKnownFileType = sourcecode.c.objc; path = KeyBindingsViewController.m; sourceTree = "<group>"; };
		B656AF101B5DB700007538B8 /* KeyBindingTextField.h */ = {isa = PBXFileReference; fileEncoding = 4; lastKnownFileType = sourcecode.c.h; path = KeyBindingTextField.h; sourceTree = "<group>"; };
		B656AF111B5DB700007538B8 /* KeyBindingTextField.m */ = {isa = PBXFileReference; fileEncoding = 4; lastKnownFileType = sourcecode.c.objc; path = KeyBindingTextField.m; sourceTree = "<group>"; };
		B65E3DCB1B644FC40048CE03 /* NoteInfoView.h */ = {isa = PBXFileReference; fileEncoding = 4; lastKnownFileType = sourcecode.c.h; path = NoteInfoView.h; sourceTree = "<group>"; };
		B65E3DCC1B644FC40048CE03 /* NoteInfoView.m */ = {isa = PBXFileReference; fileEncoding = 4; lastKnownFileType = sourcecode.c.objc; path = NoteInfoView.m; sourceTree = "<group>"; };
		B65E3DCE1B644FDE0048CE03 /* NoteInfoView.xib */ = {isa = PBXFileReference; fileEncoding = 4; lastKnownFileType = file.xib; path = NoteInfoView.xib; sourceTree = "<group>"; };
		B65EDF9C1B60B0670043C99D /* EZTextView.xib */ = {isa = PBXFileReference; fileEncoding = 4; lastKnownFileType = file.xib; path = EZTextView.xib; sourceTree = "<group>"; };
		B65EDF9F1B60CD1A0043C99D /* Note.xcdatamodel */ = {isa = PBXFileReference; lastKnownFileType = wrapper.xcdatamodel; path = Note.xcdatamodel; sourceTree = "<group>"; };
		B65EDFBE1B60E7A20043C99D /* EZNote-Prefix.pch */ = {isa = PBXFileReference; lastKnownFileType = sourcecode.c.h; path = "EZNote-Prefix.pch"; sourceTree = "<group>"; };
		B65F9CAF1B5D928D00FB53E7 /* Main.storyboard */ = {isa = PBXFileReference; fileEncoding = 4; lastKnownFileType = file.storyboard; path = Main.storyboard; sourceTree = "<group>"; };
		B6977FC61B672B7100ECE035 /* Tag.h */ = {isa = PBXFileReference; fileEncoding = 4; lastKnownFileType = sourcecode.c.h; name = Tag.h; path = ez_note/core_data/Tag.h; sourceTree = "<group>"; };
		B6977FC71B672B7100ECE035 /* Tag.m */ = {isa = PBXFileReference; fileEncoding = 4; lastKnownFileType = sourcecode.c.objc; name = Tag.m; path = ez_note/core_data/Tag.m; sourceTree = "<group>"; };
		B6977FC91B672B7100ECE035 /* Note.h */ = {isa = PBXFileReference; fileEncoding = 4; lastKnownFileType = sourcecode.c.h; name = Note.h; path = ez_note/core_data/Note.h; sourceTree = "<group>"; };
		B6977FCA1B672B7100ECE035 /* Note.m */ = {isa = PBXFileReference; fileEncoding = 4; lastKnownFileType = sourcecode.c.objc; name = Note.m; path = ez_note/core_data/Note.m; sourceTree = "<group>"; };
		B6977FCC1B672B7200ECE035 /* Notebook.h */ = {isa = PBXFileReference; fileEncoding = 4; lastKnownFileType = sourcecode.c.h; name = Notebook.h; path = ez_note/core_data/Notebook.h; sourceTree = "<group>"; };
		B6977FCD1B672B7200ECE035 /* Notebook.m */ = {isa = PBXFileReference; fileEncoding = 4; lastKnownFileType = sourcecode.c.objc; name = Notebook.m; path = ez_note/core_data/Notebook.m; sourceTree = "<group>"; };
		B6977FCF1B672BAF00ECE035 /* Note_content.h */ = {isa = PBXFileReference; fileEncoding = 4; lastKnownFileType = sourcecode.c.h; name = Note_content.h; path = ez_note/core_data/Note_content.h; sourceTree = "<group>"; };
		B6977FD01B672BAF00ECE035 /* Note_content.m */ = {isa = PBXFileReference; fileEncoding = 4; lastKnownFileType = sourcecode.c.objc; name = Note_content.m; path = ez_note/core_data/Note_content.m; sourceTree = "<group>"; };
		B6977FD21B67749A00ECE035 /* MainSettingViewController.h */ = {isa = PBXFileReference; fileEncoding = 4; lastKnownFileType = sourcecode.c.h; path = MainSettingViewController.h; sourceTree = "<group>"; };
		B6977FD31B67749A00ECE035 /* MainSettingViewController.m */ = {isa = PBXFileReference; fileEncoding = 4; lastKnownFileType = sourcecode.c.objc; path = MainSettingViewController.m; sourceTree = "<group>"; };
		B6E73D3C1B618D670089968E /* NoteTableViewController.h */ = {isa = PBXFileReference; fileEncoding = 4; lastKnownFileType = sourcecode.c.h; path = NoteTableViewController.h; sourceTree = "<group>"; };
		B6E73D3D1B618D670089968E /* NoteTableViewController.m */ = {isa = PBXFileReference; fileEncoding = 4; lastKnownFileType = sourcecode.c.objc; path = NoteTableViewController.m; sourceTree = "<group>"; };
/* End PBXFileReference section */

/* Begin PBXFrameworksBuildPhase section */
		35D098441B5B671100550EB3 /* Frameworks */ = {
			isa = PBXFrameworksBuildPhase;
			buildActionMask = 2147483647;
			files = (
			);
			runOnlyForDeploymentPostprocessing = 0;
		};
		35D0985D1B5B671200550EB3 /* Frameworks */ = {
			isa = PBXFrameworksBuildPhase;
			buildActionMask = 2147483647;
			files = (
			);
			runOnlyForDeploymentPostprocessing = 0;
		};
/* End PBXFrameworksBuildPhase section */

/* Begin PBXGroup section */
		35D0983E1B5B671100550EB3 = {
			isa = PBXGroup;
			children = (
				35D098491B5B671100550EB3 /* ez_note */,
				35D098631B5B671200550EB3 /* ez_noteTests */,
				35D098481B5B671100550EB3 /* Products */,
			);
			sourceTree = "<group>";
		};
		35D098481B5B671100550EB3 /* Products */ = {
			isa = PBXGroup;
			children = (
				35D098471B5B671100550EB3 /* ez_note.app */,
				35D098601B5B671200550EB3 /* ez_noteTests.xctest */,
			);
			name = Products;
			sourceTree = "<group>";
		};
		35D098491B5B671100550EB3 /* ez_note */ = {
			isa = PBXGroup;
			children = (
				B65EDFBD1B60D47A0043C99D /* Core Data */,
				35D0984E1B5B671100550EB3 /* AppDelegate.h */,
				35D0984F1B5B671100550EB3 /* AppDelegate.m */,
				35DD10011B603C60007AFE47 /* EZNoteProtocol.h */,
				35DD10021B603C60007AFE47 /* EZView.h */,
				35DD10031B603C60007AFE47 /* EZView.m */,
				B656AF0E1B5DB700007538B8 /* KeyBindingsViewController.h */,
				B656AF0F1B5DB700007538B8 /* KeyBindingsViewController.m */,
				B656AF101B5DB700007538B8 /* KeyBindingTextField.h */,
				B656AF111B5DB700007538B8 /* KeyBindingTextField.m */,
				B656AF0C1B5DB5E4007538B8 /* KeyBindings.plist */,
				683E40711B5D959A00CCDAF3 /* EZImageScrollViewController.h */,
				683E40721B5D959A00CCDAF3 /* EZImageScrollViewController.m */,
				683E40731B5D959A00CCDAF3 /* EZImageView.h */,
				683E40741B5D959A00CCDAF3 /* EZImageView.m */,
				6886FB461B608404000C42CD /* EZImageView.xib */,
				683E40751B5D959A00CCDAF3 /* EZImageViewFactory.h */,
				683E40761B5D959A00CCDAF3 /* EZImageViewFactory.m */,
				683E40771B5D959A00CCDAF3 /* EZOptions.h */,
				683E40781B5D959A00CCDAF3 /* EZOptions.m */,
				683E40791B5D959A00CCDAF3 /* utilities.h */,
				B65F9CAF1B5D928D00FB53E7 /* Main.storyboard */,
				B6E73D3C1B618D670089968E /* NoteTableViewController.h */,
				B6E73D3D1B618D670089968E /* NoteTableViewController.m */,
				B6977FD21B67749A00ECE035 /* MainSettingViewController.h */,
				B6977FD31B67749A00ECE035 /* MainSettingViewController.m */,
				35FEF8DC1B5D917A00A96076 /* EZTextView.h */,
				35FEF8DD1B5D917A00A96076 /* EZTextView.m */,
				B65EDF9C1B60B0670043C99D /* EZTextView.xib */,
				35FEF8D41B5D916300A96076 /* TextViewFactory.h */,
				35FEF8D51B5D916300A96076 /* TextViewFactory.m */,
				35FEF8D61B5D916300A96076 /* ToolBarView.h */,
				35FEF8D71B5D916300A96076 /* ToolBarView.m */,
				35FEF8D81B5D916300A96076 /* ToolBarView.xib */,
				35FEF8CC1B5D89AE00A96076 /* AudioFactory.h */,
				35FEF8CD1B5D89AE00A96076 /* AudioFactory.m */,
				35FEF8CE1B5D89AE00A96076 /* AudioView.h */,
				35FEF8CF1B5D89AE00A96076 /* AudioView.m */,
				35FEF8D01B5D89AE00A96076 /* AudioView.xib */,
				35D098511B5B671200550EB3 /* ViewController.h */,
				35D098521B5B671200550EB3 /* ViewController.m */,
				B65E3DCB1B644FC40048CE03 /* NoteInfoView.h */,
				B65E3DCE1B644FDE0048CE03 /* NoteInfoView.xib */,
				B65E3DCC1B644FC40048CE03 /* NoteInfoView.m */,
				B65EDF9E1B60CD1A0043C99D /* Note.xcdatamodeld */,
				35D098571B5B671200550EB3 /* Images.xcassets */,
				35D098591B5B671200550EB3 /* LaunchScreen.xib */,
				35D0984A1B5B671100550EB3 /* Supporting Files */,
			);
			path = ez_note;
			sourceTree = "<group>";
		};
		35D0984A1B5B671100550EB3 /* Supporting Files */ = {
			isa = PBXGroup;
			children = (
				B65EDFBE1B60E7A20043C99D /* EZNote-Prefix.pch */,
				35D0984B1B5B671100550EB3 /* Info.plist */,
				35D0984C1B5B671100550EB3 /* main.m */,
			);
			name = "Supporting Files";
			sourceTree = "<group>";
		};
		35D098631B5B671200550EB3 /* ez_noteTests */ = {
			isa = PBXGroup;
			children = (
				35D098661B5B671200550EB3 /* ez_noteTests.m */,
				35D098641B5B671200550EB3 /* Supporting Files */,
			);
			path = ez_noteTests;
			sourceTree = "<group>";
		};
		35D098641B5B671200550EB3 /* Supporting Files */ = {
			isa = PBXGroup;
			children = (
				35D098651B5B671200550EB3 /* Info.plist */,
			);
			name = "Supporting Files";
			sourceTree = "<group>";
		};
		B65EDFBD1B60D47A0043C99D /* Core Data */ = {
			isa = PBXGroup;
			children = (
				B6977FCF1B672BAF00ECE035 /* Note_content.h */,
				B6977FD01B672BAF00ECE035 /* Note_content.m */,
				B6977FCC1B672B7200ECE035 /* Notebook.h */,
				B6977FCD1B672B7200ECE035 /* Notebook.m */,
				B6977FC91B672B7100ECE035 /* Note.h */,
				B6977FCA1B672B7100ECE035 /* Note.m */,
				B6977FC61B672B7100ECE035 /* Tag.h */,
				B6977FC71B672B7100ECE035 /* Tag.m */,
			);
			name = "Core Data";
			path = ..;
			sourceTree = "<group>";
		};
/* End PBXGroup section */

/* Begin PBXNativeTarget section */
		35D098461B5B671100550EB3 /* ez_note */ = {
			isa = PBXNativeTarget;
			buildConfigurationList = 35D0986A1B5B671200550EB3 /* Build configuration list for PBXNativeTarget "ez_note" */;
			buildPhases = (
				35D098431B5B671100550EB3 /* Sources */,
				35D098441B5B671100550EB3 /* Frameworks */,
				35D098451B5B671100550EB3 /* Resources */,
			);
			buildRules = (
			);
			dependencies = (
			);
			name = ez_note;
			productName = ez_note;
			productReference = 35D098471B5B671100550EB3 /* ez_note.app */;
			productType = "com.apple.product-type.application";
		};
		35D0985F1B5B671200550EB3 /* ez_noteTests */ = {
			isa = PBXNativeTarget;
			buildConfigurationList = 35D0986D1B5B671200550EB3 /* Build configuration list for PBXNativeTarget "ez_noteTests" */;
			buildPhases = (
				35D0985C1B5B671200550EB3 /* Sources */,
				35D0985D1B5B671200550EB3 /* Frameworks */,
				35D0985E1B5B671200550EB3 /* Resources */,
			);
			buildRules = (
			);
			dependencies = (
				35D098621B5B671200550EB3 /* PBXTargetDependency */,
			);
			name = ez_noteTests;
			productName = ez_noteTests;
			productReference = 35D098601B5B671200550EB3 /* ez_noteTests.xctest */;
			productType = "com.apple.product-type.bundle.unit-test";
		};
/* End PBXNativeTarget section */

/* Begin PBXProject section */
		35D0983F1B5B671100550EB3 /* Project object */ = {
			isa = PBXProject;
			attributes = {
				LastUpgradeCheck = 0640;
				ORGANIZATIONNAME = "Yiheng Ding";
				TargetAttributes = {
					35D098461B5B671100550EB3 = {
						CreatedOnToolsVersion = 6.4;
					};
					35D0985F1B5B671200550EB3 = {
						CreatedOnToolsVersion = 6.4;
						TestTargetID = 35D098461B5B671100550EB3;
					};
				};
			};
			buildConfigurationList = 35D098421B5B671100550EB3 /* Build configuration list for PBXProject "ez_note" */;
			compatibilityVersion = "Xcode 3.2";
			developmentRegion = English;
			hasScannedForEncodings = 0;
			knownRegions = (
				en,
				Base,
			);
			mainGroup = 35D0983E1B5B671100550EB3;
			productRefGroup = 35D098481B5B671100550EB3 /* Products */;
			projectDirPath = "";
			projectRoot = "";
			targets = (
				35D098461B5B671100550EB3 /* ez_note */,
				35D0985F1B5B671200550EB3 /* ez_noteTests */,
			);
		};
/* End PBXProject section */

/* Begin PBXResourcesBuildPhase section */
		35D098451B5B671100550EB3 /* Resources */ = {
			isa = PBXResourcesBuildPhase;
			buildActionMask = 2147483647;
			files = (
				6886FB471B608404000C42CD /* EZImageView.xib in Resources */,
				B656AF0D1B5DB5E4007538B8 /* KeyBindings.plist in Resources */,
				35D0985B1B5B671200550EB3 /* LaunchScreen.xib in Resources */,
				B65F9CB01B5D928D00FB53E7 /* Main.storyboard in Resources */,
				35D098581B5B671200550EB3 /* Images.xcassets in Resources */,
				35FEF8DB1B5D916300A96076 /* ToolBarView.xib in Resources */,
				B65E3DCF1B644FDE0048CE03 /* NoteInfoView.xib in Resources */,
				B65EDF9D1B60B0670043C99D /* EZTextView.xib in Resources */,
				35FEF8D31B5D89AE00A96076 /* AudioView.xib in Resources */,
			);
			runOnlyForDeploymentPostprocessing = 0;
		};
		35D0985E1B5B671200550EB3 /* Resources */ = {
			isa = PBXResourcesBuildPhase;
			buildActionMask = 2147483647;
			files = (
			);
			runOnlyForDeploymentPostprocessing = 0;
		};
/* End PBXResourcesBuildPhase section */

/* Begin PBXSourcesBuildPhase section */
		35D098431B5B671100550EB3 /* Sources */ = {
			isa = PBXSourcesBuildPhase;
			buildActionMask = 2147483647;
			files = (
				35D098531B5B671200550EB3 /* ViewController.m in Sources */,
				B6E73D3E1B618D670089968E /* NoteTableViewController.m in Sources */,
				B656AF121B5DB700007538B8 /* KeyBindingsViewController.m in Sources */,
				683E407D1B5D959A00CCDAF3 /* EZOptions.m in Sources */,
				B6977FC81B672B7100ECE035 /* Tag.m in Sources */,
				B656AF131B5DB700007538B8 /* KeyBindingTextField.m in Sources */,
				35FEF8D21B5D89AE00A96076 /* AudioView.m in Sources */,
				683E407A1B5D959A00CCDAF3 /* EZImageScrollViewController.m in Sources */,
				35FEF8DA1B5D916300A96076 /* ToolBarView.m in Sources */,
				683E407C1B5D959A00CCDAF3 /* EZImageViewFactory.m in Sources */,
				35D098501B5B671100550EB3 /* AppDelegate.m in Sources */,
				B6977FCB1B672B7100ECE035 /* Note.m in Sources */,
				35D0984D1B5B671100550EB3 /* main.m in Sources */,
				B6977FD11B672BAF00ECE035 /* Note_content.m in Sources */,
				B65E3DCD1B644FC40048CE03 /* NoteInfoView.m in Sources */,
				35FEF8D91B5D916300A96076 /* TextViewFactory.m in Sources */,
				683E407B1B5D959A00CCDAF3 /* EZImageView.m in Sources */,
				35FEF8DE1B5D917A00A96076 /* EZTextView.m in Sources */,
				B6977FD41B67749A00ECE035 /* MainSettingViewController.m in Sources */,
				B6977FCE1B672B7200ECE035 /* Notebook.m in Sources */,
				35FEF8D11B5D89AE00A96076 /* AudioFactory.m in Sources */,
				35DD10041B603C60007AFE47 /* EZView.m in Sources */,
				B65EDFA01B60CD1A0043C99D /* Note.xcdatamodeld in Sources */,
			);
			runOnlyForDeploymentPostprocessing = 0;
		};
		35D0985C1B5B671200550EB3 /* Sources */ = {
			isa = PBXSourcesBuildPhase;
			buildActionMask = 2147483647;
			files = (
				35D098671B5B671200550EB3 /* ez_noteTests.m in Sources */,
			);
			runOnlyForDeploymentPostprocessing = 0;
		};
/* End PBXSourcesBuildPhase section */

/* Begin PBXTargetDependency section */
		35D098621B5B671200550EB3 /* PBXTargetDependency */ = {
			isa = PBXTargetDependency;
			target = 35D098461B5B671100550EB3 /* ez_note */;
			targetProxy = 35D098611B5B671200550EB3 /* PBXContainerItemProxy */;
		};
/* End PBXTargetDependency section */

/* Begin PBXVariantGroup section */
		35D098591B5B671200550EB3 /* LaunchScreen.xib */ = {
			isa = PBXVariantGroup;
			children = (
				35D0985A1B5B671200550EB3 /* Base */,
			);
			name = LaunchScreen.xib;
			sourceTree = "<group>";
		};
/* End PBXVariantGroup section */

/* Begin XCBuildConfiguration section */
		35D098681B5B671200550EB3 /* Debug */ = {
			isa = XCBuildConfiguration;
			buildSettings = {
				ALWAYS_SEARCH_USER_PATHS = NO;
				CLANG_CXX_LANGUAGE_STANDARD = "gnu++0x";
				CLANG_CXX_LIBRARY = "libc++";
				CLANG_ENABLE_MODULES = YES;
				CLANG_ENABLE_OBJC_ARC = YES;
				CLANG_WARN_BOOL_CONVERSION = YES;
				CLANG_WARN_CONSTANT_CONVERSION = YES;
				CLANG_WARN_DIRECT_OBJC_ISA_USAGE = YES_ERROR;
				CLANG_WARN_EMPTY_BODY = YES;
				CLANG_WARN_ENUM_CONVERSION = YES;
				CLANG_WARN_INT_CONVERSION = YES;
				CLANG_WARN_OBJC_ROOT_CLASS = YES_ERROR;
				CLANG_WARN_UNREACHABLE_CODE = YES;
				CLANG_WARN__DUPLICATE_METHOD_MATCH = YES;
				"CODE_SIGN_IDENTITY[sdk=iphoneos*]" = "iPhone Developer";
				COPY_PHASE_STRIP = NO;
				DEBUG_INFORMATION_FORMAT = "dwarf-with-dsym";
				ENABLE_STRICT_OBJC_MSGSEND = YES;
				GCC_C_LANGUAGE_STANDARD = gnu99;
				GCC_DYNAMIC_NO_PIC = NO;
				GCC_NO_COMMON_BLOCKS = YES;
				GCC_OPTIMIZATION_LEVEL = 0;
				GCC_PREPROCESSOR_DEFINITIONS = (
					"DEBUG=1",
					"$(inherited)",
				);
				GCC_SYMBOLS_PRIVATE_EXTERN = NO;
				GCC_WARN_64_TO_32_BIT_CONVERSION = YES;
				GCC_WARN_ABOUT_RETURN_TYPE = YES_ERROR;
				GCC_WARN_UNDECLARED_SELECTOR = YES;
				GCC_WARN_UNINITIALIZED_AUTOS = YES_AGGRESSIVE;
				GCC_WARN_UNUSED_FUNCTION = YES;
				GCC_WARN_UNUSED_VARIABLE = YES;
				IPHONEOS_DEPLOYMENT_TARGET = 8.4;
				MTL_ENABLE_DEBUG_INFO = YES;
				ONLY_ACTIVE_ARCH = YES;
				SDKROOT = iphoneos;
				TARGETED_DEVICE_FAMILY = "1,2";
			};
			name = Debug;
		};
		35D098691B5B671200550EB3 /* Release */ = {
			isa = XCBuildConfiguration;
			buildSettings = {
				ALWAYS_SEARCH_USER_PATHS = NO;
				CLANG_CXX_LANGUAGE_STANDARD = "gnu++0x";
				CLANG_CXX_LIBRARY = "libc++";
				CLANG_ENABLE_MODULES = YES;
				CLANG_ENABLE_OBJC_ARC = YES;
				CLANG_WARN_BOOL_CONVERSION = YES;
				CLANG_WARN_CONSTANT_CONVERSION = YES;
				CLANG_WARN_DIRECT_OBJC_ISA_USAGE = YES_ERROR;
				CLANG_WARN_EMPTY_BODY = YES;
				CLANG_WARN_ENUM_CONVERSION = YES;
				CLANG_WARN_INT_CONVERSION = YES;
				CLANG_WARN_OBJC_ROOT_CLASS = YES_ERROR;
				CLANG_WARN_UNREACHABLE_CODE = YES;
				CLANG_WARN__DUPLICATE_METHOD_MATCH = YES;
				"CODE_SIGN_IDENTITY[sdk=iphoneos*]" = "iPhone Developer";
				COPY_PHASE_STRIP = NO;
				DEBUG_INFORMATION_FORMAT = "dwarf-with-dsym";
				ENABLE_NS_ASSERTIONS = NO;
				ENABLE_STRICT_OBJC_MSGSEND = YES;
				GCC_C_LANGUAGE_STANDARD = gnu99;
				GCC_NO_COMMON_BLOCKS = YES;
				GCC_WARN_64_TO_32_BIT_CONVERSION = YES;
				GCC_WARN_ABOUT_RETURN_TYPE = YES_ERROR;
				GCC_WARN_UNDECLARED_SELECTOR = YES;
				GCC_WARN_UNINITIALIZED_AUTOS = YES_AGGRESSIVE;
				GCC_WARN_UNUSED_FUNCTION = YES;
				GCC_WARN_UNUSED_VARIABLE = YES;
				IPHONEOS_DEPLOYMENT_TARGET = 8.4;
				MTL_ENABLE_DEBUG_INFO = NO;
				SDKROOT = iphoneos;
				TARGETED_DEVICE_FAMILY = "1,2";
				VALIDATE_PRODUCT = YES;
			};
			name = Release;
		};
		35D0986B1B5B671200550EB3 /* Debug */ = {
			isa = XCBuildConfiguration;
			buildSettings = {
				ASSETCATALOG_COMPILER_APPICON_NAME = AppIcon;
				GCC_PREFIX_HEADER = "ez_note/EZNote-Prefix.pch";
				INFOPLIST_FILE = ez_note/Info.plist;
				IPHONEOS_DEPLOYMENT_TARGET = 8.1;
				LD_RUNPATH_SEARCH_PATHS = "$(inherited) @executable_path/Frameworks";
				PRODUCT_NAME = "$(TARGET_NAME)";
			};
			name = Debug;
		};
		35D0986C1B5B671200550EB3 /* Release */ = {
			isa = XCBuildConfiguration;
			buildSettings = {
				ASSETCATALOG_COMPILER_APPICON_NAME = AppIcon;
				GCC_PREFIX_HEADER = "ez_note/EZNote-Prefix.pch";
				INFOPLIST_FILE = ez_note/Info.plist;
				IPHONEOS_DEPLOYMENT_TARGET = 8.1;
				LD_RUNPATH_SEARCH_PATHS = "$(inherited) @executable_path/Frameworks";
				PRODUCT_NAME = "$(TARGET_NAME)";
			};
			name = Release;
		};
		35D0986E1B5B671200550EB3 /* Debug */ = {
			isa = XCBuildConfiguration;
			buildSettings = {
				BUNDLE_LOADER = "$(TEST_HOST)";
				FRAMEWORK_SEARCH_PATHS = (
					"$(SDKROOT)/Developer/Library/Frameworks",
					"$(inherited)",
				);
				GCC_PREPROCESSOR_DEFINITIONS = (
					"DEBUG=1",
					"$(inherited)",
				);
				INFOPLIST_FILE = ez_noteTests/Info.plist;
				LD_RUNPATH_SEARCH_PATHS = "$(inherited) @executable_path/Frameworks @loader_path/Frameworks";
				PRODUCT_NAME = "$(TARGET_NAME)";
				TEST_HOST = "$(BUILT_PRODUCTS_DIR)/ez_note.app/ez_note";
			};
			name = Debug;
		};
		35D0986F1B5B671200550EB3 /* Release */ = {
			isa = XCBuildConfiguration;
			buildSettings = {
				BUNDLE_LOADER = "$(TEST_HOST)";
				FRAMEWORK_SEARCH_PATHS = (
					"$(SDKROOT)/Developer/Library/Frameworks",
					"$(inherited)",
				);
				INFOPLIST_FILE = ez_noteTests/Info.plist;
				LD_RUNPATH_SEARCH_PATHS = "$(inherited) @executable_path/Frameworks @loader_path/Frameworks";
				PRODUCT_NAME = "$(TARGET_NAME)";
				TEST_HOST = "$(BUILT_PRODUCTS_DIR)/ez_note.app/ez_note";
			};
			name = Release;
		};
/* End XCBuildConfiguration section */

/* Begin XCConfigurationList section */
		35D098421B5B671100550EB3 /* Build configuration list for PBXProject "ez_note" */ = {
			isa = XCConfigurationList;
			buildConfigurations = (
				35D098681B5B671200550EB3 /* Debug */,
				35D098691B5B671200550EB3 /* Release */,
			);
			defaultConfigurationIsVisible = 0;
			defaultConfigurationName = Release;
		};
		35D0986A1B5B671200550EB3 /* Build configuration list for PBXNativeTarget "ez_note" */ = {
			isa = XCConfigurationList;
			buildConfigurations = (
				35D0986B1B5B671200550EB3 /* Debug */,
				35D0986C1B5B671200550EB3 /* Release */,
			);
			defaultConfigurationIsVisible = 0;
			defaultConfigurationName = Release;
		};
		35D0986D1B5B671200550EB3 /* Build configuration list for PBXNativeTarget "ez_noteTests" */ = {
			isa = XCConfigurationList;
			buildConfigurations = (
				35D0986E1B5B671200550EB3 /* Debug */,
				35D0986F1B5B671200550EB3 /* Release */,
			);
			defaultConfigurationIsVisible = 0;
			defaultConfigurationName = Release;
		};
/* End XCConfigurationList section */

/* Begin XCVersionGroup section */
		B65EDF9E1B60CD1A0043C99D /* Note.xcdatamodeld */ = {
			isa = XCVersionGroup;
			children = (
				B65EDF9F1B60CD1A0043C99D /* Note.xcdatamodel */,
			);
			currentVersion = B65EDF9F1B60CD1A0043C99D /* Note.xcdatamodel */;
			path = Note.xcdatamodeld;
			sourceTree = "<group>";
			versionGroupType = wrapper.xcdatamodel;
		};
/* End XCVersionGroup section */
	};
	rootObject = 35D0983F1B5B671100550EB3 /* Project object */;
}
